
Microsoft Visual Studio Solution File, Format Version 11.00
# Visual Studio 2010
Project("{FAE04EC0-301F-11D3-BF4B-00C04F79EFBC}") = "MyPhoneBook.DAL", "MyPhoneBook.DAL\MyPhoneBook.DAL.csproj", "{79BCE509-A8E3-43A2-9CE0-713394514DB7}"
EndProject
Project("{FAE04EC0-301F-11D3-BF4B-00C04F79EFBC}") = "MyPhoneBook.BLL", "MyPhoneBook.BLL\MyPhoneBook.BLL.csproj", "{93EAA776-A48E-4E0D-92EF-28150277F0D9}"
	ProjectSection(ProjectDependencies) = postProject
		{79BCE509-A8E3-43A2-9CE0-713394514DB7} = {79BCE509-A8E3-43A2-9CE0-713394514DB7}
	EndProjectSection
EndProject
Project("{FAE04EC0-301F-11D3-BF4B-00C04F79EFBC}") = "MyPhoneBook.PL", "MyPhoneBook.PL\MyPhoneBook.PL.csproj", "{68E81AE7-38A7-467F-A688-5EDD2C406064}"
	ProjectSection(ProjectDependencies) = postProject
		{79BCE509-A8E3-43A2-9CE0-713394514DB7} = {79BCE509-A8E3-43A2-9CE0-713394514DB7}
		{93EAA776-A48E-4E0D-92EF-28150277F0D9} = {93EAA776-A48E-4E0D-92EF-28150277F0D9}
	EndProjectSection
EndProject
Global
	GlobalSection(SolutionConfigurationPlatforms) = preSolution
		Debug|Any CPU = Debug|Any CPU
		Release|Any CPU = Release|Any CPU
	EndGlobalSection
	GlobalSection(ProjectConfigurationPlatforms) = postSolution
		{79BCE509-A8E3-43A2-9CE0-713394514DB7}.Debug|Any CPU.ActiveCfg = Debug|Any CPU
		{79BCE509-A8E3-43A2-9CE0-713394514DB7}.Debug|Any CPU.Build.0 = Debug|Any CPU
		{79BCE509-A8E3-43A2-9CE0-713394514DB7}.Release|Any CPU.ActiveCfg = Release|Any CPU
		{79BCE509-A8E3-43A2-9CE0-713394514DB7}.Release|Any CPU.Build.0 = Release|Any CPU
		{93EAA776-A48E-4E0D-92EF-28150277F0D9}.Debug|Any CPU.ActiveCfg = Debug|Any CPU
		{93EAA776-A48E-4E0D-92EF-28150277F0D9}.Debug|Any CPU.Build.0 = Debug|Any CPU
		{93EAA776-A48E-4E0D-92EF-28150277F0D9}.Release|Any CPU.ActiveCfg = Release|Any CPU
		{93EAA776-A48E-4E0D-92EF-28150277F0D9}.Release|Any CPU.Build.0 = Release|Any CPU
		{68E81AE7-38A7-467F-A688-5EDD2C406064}.Debug|Any CPU.ActiveCfg = Debug|Any CPU
		{68E81AE7-38A7-467F-A688-5EDD2C406064}.Debug|Any CPU.Build.0 = Debug|Any CPU
		{68E81AE7-38A7-467F-A688-5EDD2C406064}.Release|Any CPU.ActiveCfg = Release|Any CPU
		{68E81AE7-38A7-467F-A688-5EDD2C406064}.Release|Any CPU.Build.0 = Release|Any CPU
	EndGlobalSection
	GlobalSection(SolutionProperties) = preSolution
		HideSolutionNode = FALSE
	EndGlobalSection
EndGlobal
